// !$*UTF8*$!
{
	archiveVersion = 1;
	classes = {
	};
	objectVersion = 51;
	objects = {

/* Begin PBXBuildFile section */
		BF46B4CC66986F6649A066D6 /* Pods_instagramApp.framework in Frameworks */ = {isa = PBXBuildFile; fileRef = 4D316E44A6A624472D5DE7A7 /* Pods_instagramApp.framework */; };
		F8E8060224EFC894000C7EE4 /* AppDelegate.swift in Sources */ = {isa = PBXBuildFile; fileRef = F8E8060124EFC894000C7EE4 /* AppDelegate.swift */; };
		F8E8060424EFC894000C7EE4 /* SceneDelegate.swift in Sources */ = {isa = PBXBuildFile; fileRef = F8E8060324EFC894000C7EE4 /* SceneDelegate.swift */; };
		F8E8060624EFC894000C7EE4 /* HomeViewController.swift in Sources */ = {isa = PBXBuildFile; fileRef = F8E8060524EFC894000C7EE4 /* HomeViewController.swift */; };
		F8E8060924EFC894000C7EE4 /* Main.storyboard in Resources */ = {isa = PBXBuildFile; fileRef = F8E8060724EFC894000C7EE4 /* Main.storyboard */; };
		F8E8060B24EFC896000C7EE4 /* Assets.xcassets in Resources */ = {isa = PBXBuildFile; fileRef = F8E8060A24EFC896000C7EE4 /* Assets.xcassets */; };
		F8E8060E24EFC896000C7EE4 /* LaunchScreen.storyboard in Resources */ = {isa = PBXBuildFile; fileRef = F8E8060C24EFC896000C7EE4 /* LaunchScreen.storyboard */; };
		F8E8061B24EFCA6A000C7EE4 /* ExploreViewController.swift in Sources */ = {isa = PBXBuildFile; fileRef = F8E8061A24EFCA6A000C7EE4 /* ExploreViewController.swift */; };
		F8E8061D24EFCA7C000C7EE4 /* CameraViewController.swift in Sources */ = {isa = PBXBuildFile; fileRef = F8E8061C24EFCA7C000C7EE4 /* CameraViewController.swift */; };
		F8E8061F24EFCA7E000C7EE4 /* NotificationsViewController.swift in Sources */ = {isa = PBXBuildFile; fileRef = F8E8061E24EFCA7E000C7EE4 /* NotificationsViewController.swift */; };
		F8E8062124EFCA82000C7EE4 /* ProfileViewController.swift in Sources */ = {isa = PBXBuildFile; fileRef = F8E8062024EFCA82000C7EE4 /* ProfileViewController.swift */; };
		F8E8062624EFCC28000C7EE4 /* LoginViewController.swift in Sources */ = {isa = PBXBuildFile; fileRef = F8E8062524EFCC28000C7EE4 /* LoginViewController.swift */; };
		F8E8062824EFCC3E000C7EE4 /* RegisterationViewController.swift in Sources */ = {isa = PBXBuildFile; fileRef = F8E8062724EFCC3E000C7EE4 /* RegisterationViewController.swift */; };
		F8E8062A24EFCC67000C7EE4 /* PostViewController.swift in Sources */ = {isa = PBXBuildFile; fileRef = F8E8062924EFCC67000C7EE4 /* PostViewController.swift */; };
		F8E8062C24EFCC8F000C7EE4 /* EditProfileViewController.swift in Sources */ = {isa = PBXBuildFile; fileRef = F8E8062B24EFCC8F000C7EE4 /* EditProfileViewController.swift */; };
		F8E8062E24EFCCA3000C7EE4 /* SettingsViewController.swift in Sources */ = {isa = PBXBuildFile; fileRef = F8E8062D24EFCCA3000C7EE4 /* SettingsViewController.swift */; };
		F8E8063024EFCCB7000C7EE4 /* ListViewController.swift in Sources */ = {isa = PBXBuildFile; fileRef = F8E8062F24EFCCB7000C7EE4 /* ListViewController.swift */; };
		F8E8063224EFCCC7000C7EE4 /* SearchViewController.swift in Sources */ = {isa = PBXBuildFile; fileRef = F8E8063124EFCCC7000C7EE4 /* SearchViewController.swift */; };
		F8E8063424EFCCDC000C7EE4 /* SearchResultViewController.swift in Sources */ = {isa = PBXBuildFile; fileRef = F8E8063324EFCCDC000C7EE4 /* SearchResultViewController.swift */; };
		F8E8063624EFCD0D000C7EE4 /* PostEditorViewController.swift in Sources */ = {isa = PBXBuildFile; fileRef = F8E8063524EFCD0D000C7EE4 /* PostEditorViewController.swift */; };
		F8E8063824EFCD1B000C7EE4 /* PublishPostViewController.swift in Sources */ = {isa = PBXBuildFile; fileRef = F8E8063724EFCD1B000C7EE4 /* PublishPostViewController.swift */; };
		F8E8063A24EFD604000C7EE4 /* GoogleService-Info.plist in Resources */ = {isa = PBXBuildFile; fileRef = F8E8063924EFD604000C7EE4 /* GoogleService-Info.plist */; };
		F8E8063D24EFDB07000C7EE4 /* DatabaseManager.swift in Sources */ = {isa = PBXBuildFile; fileRef = F8E8063C24EFDB07000C7EE4 /* DatabaseManager.swift */; };
		F8E8063F24EFDBF4000C7EE4 /* AuthManager.swift in Sources */ = {isa = PBXBuildFile; fileRef = F8E8063E24EFDBF4000C7EE4 /* AuthManager.swift */; };
		F8E8064124EFDC38000C7EE4 /* StrageManager.swift in Sources */ = {isa = PBXBuildFile; fileRef = F8E8064024EFDC38000C7EE4 /* StrageManager.swift */; };
		F8E8064324EFF271000C7EE4 /* Extensions.swift in Sources */ = {isa = PBXBuildFile; fileRef = F8E8064224EFF271000C7EE4 /* Extensions.swift */; };
/* End PBXBuildFile section */

/* Begin PBXFileReference section */
		23B9D94B9F261D4183B32250 /* Pods-instagramApp.release.xcconfig */ = {isa = PBXFileReference; includeInIndex = 1; lastKnownFileType = text.xcconfig; name = "Pods-instagramApp.release.xcconfig"; path = "Target Support Files/Pods-instagramApp/Pods-instagramApp.release.xcconfig"; sourceTree = "<group>"; };
		4D316E44A6A624472D5DE7A7 /* Pods_instagramApp.framework */ = {isa = PBXFileReference; explicitFileType = wrapper.framework; includeInIndex = 0; path = Pods_instagramApp.framework; sourceTree = BUILT_PRODUCTS_DIR; };
		F8E805FE24EFC894000C7EE4 /* instagramApp.app */ = {isa = PBXFileReference; explicitFileType = wrapper.application; includeInIndex = 0; path = instagramApp.app; sourceTree = BUILT_PRODUCTS_DIR; };
		F8E8060124EFC894000C7EE4 /* AppDelegate.swift */ = {isa = PBXFileReference; lastKnownFileType = sourcecode.swift; path = AppDelegate.swift; sourceTree = "<group>"; };
		F8E8060324EFC894000C7EE4 /* SceneDelegate.swift */ = {isa = PBXFileReference; lastKnownFileType = sourcecode.swift; path = SceneDelegate.swift; sourceTree = "<group>"; };
		F8E8060524EFC894000C7EE4 /* HomeViewController.swift */ = {isa = PBXFileReference; lastKnownFileType = sourcecode.swift; path = HomeViewController.swift; sourceTree = "<group>"; };
		F8E8060824EFC894000C7EE4 /* Base */ = {isa = PBXFileReference; lastKnownFileType = file.storyboard; name = Base; path = Base.lproj/Main.storyboard; sourceTree = "<group>"; };
		F8E8060A24EFC896000C7EE4 /* Assets.xcassets */ = {isa = PBXFileReference; lastKnownFileType = folder.assetcatalog; path = Assets.xcassets; sourceTree = "<group>"; };
		F8E8060D24EFC896000C7EE4 /* Base */ = {isa = PBXFileReference; lastKnownFileType = file.storyboard; name = Base; path = Base.lproj/LaunchScreen.storyboard; sourceTree = "<group>"; };
		F8E8060F24EFC896000C7EE4 /* Info.plist */ = {isa = PBXFileReference; lastKnownFileType = text.plist.xml; path = Info.plist; sourceTree = "<group>"; };
		F8E8061A24EFCA6A000C7EE4 /* ExploreViewController.swift */ = {isa = PBXFileReference; lastKnownFileType = sourcecode.swift; path = ExploreViewController.swift; sourceTree = "<group>"; };
		F8E8061C24EFCA7C000C7EE4 /* CameraViewController.swift */ = {isa = PBXFileReference; lastKnownFileType = sourcecode.swift; path = CameraViewController.swift; sourceTree = "<group>"; };
		F8E8061E24EFCA7E000C7EE4 /* NotificationsViewController.swift */ = {isa = PBXFileReference; lastKnownFileType = sourcecode.swift; path = NotificationsViewController.swift; sourceTree = "<group>"; };
		F8E8062024EFCA82000C7EE4 /* ProfileViewController.swift */ = {isa = PBXFileReference; lastKnownFileType = sourcecode.swift; path = ProfileViewController.swift; sourceTree = "<group>"; };
		F8E8062524EFCC28000C7EE4 /* LoginViewController.swift */ = {isa = PBXFileReference; lastKnownFileType = sourcecode.swift; path = LoginViewController.swift; sourceTree = "<group>"; };
		F8E8062724EFCC3E000C7EE4 /* RegisterationViewController.swift */ = {isa = PBXFileReference; lastKnownFileType = sourcecode.swift; path = RegisterationViewController.swift; sourceTree = "<group>"; };
		F8E8062924EFCC67000C7EE4 /* PostViewController.swift */ = {isa = PBXFileReference; lastKnownFileType = sourcecode.swift; path = PostViewController.swift; sourceTree = "<group>"; };
		F8E8062B24EFCC8F000C7EE4 /* EditProfileViewController.swift */ = {isa = PBXFileReference; lastKnownFileType = sourcecode.swift; path = EditProfileViewController.swift; sourceTree = "<group>"; };
		F8E8062D24EFCCA3000C7EE4 /* SettingsViewController.swift */ = {isa = PBXFileReference; lastKnownFileType = sourcecode.swift; path = SettingsViewController.swift; sourceTree = "<group>"; };
		F8E8062F24EFCCB7000C7EE4 /* ListViewController.swift */ = {isa = PBXFileReference; lastKnownFileType = sourcecode.swift; path = ListViewController.swift; sourceTree = "<group>"; };
		F8E8063124EFCCC7000C7EE4 /* SearchViewController.swift */ = {isa = PBXFileReference; lastKnownFileType = sourcecode.swift; path = SearchViewController.swift; sourceTree = "<group>"; };
		F8E8063324EFCCDC000C7EE4 /* SearchResultViewController.swift */ = {isa = PBXFileReference; lastKnownFileType = sourcecode.swift; path = SearchResultViewController.swift; sourceTree = "<group>"; };
		F8E8063524EFCD0D000C7EE4 /* PostEditorViewController.swift */ = {isa = PBXFileReference; lastKnownFileType = sourcecode.swift; path = PostEditorViewController.swift; sourceTree = "<group>"; };
		F8E8063724EFCD1B000C7EE4 /* PublishPostViewController.swift */ = {isa = PBXFileReference; lastKnownFileType = sourcecode.swift; path = PublishPostViewController.swift; sourceTree = "<group>"; };
		F8E8063924EFD604000C7EE4 /* GoogleService-Info.plist */ = {isa = PBXFileReference; fileEncoding = 4; lastKnownFileType = text.plist.xml; path = "GoogleService-Info.plist"; sourceTree = "<group>"; };
		F8E8063C24EFDB07000C7EE4 /* DatabaseManager.swift */ = {isa = PBXFileReference; lastKnownFileType = sourcecode.swift; path = DatabaseManager.swift; sourceTree = "<group>"; };
		F8E8063E24EFDBF4000C7EE4 /* AuthManager.swift */ = {isa = PBXFileReference; lastKnownFileType = sourcecode.swift; path = AuthManager.swift; sourceTree = "<group>"; };
		F8E8064024EFDC38000C7EE4 /* StrageManager.swift */ = {isa = PBXFileReference; lastKnownFileType = sourcecode.swift; path = StrageManager.swift; sourceTree = "<group>"; };
		F8E8064224EFF271000C7EE4 /* Extensions.swift */ = {isa = PBXFileReference; lastKnownFileType = sourcecode.swift; path = Extensions.swift; sourceTree = "<group>"; };
		FED656330CDCAC37B734CF9C /* Pods-instagramApp.debug.xcconfig */ = {isa = PBXFileReference; includeInIndex = 1; lastKnownFileType = text.xcconfig; name = "Pods-instagramApp.debug.xcconfig"; path = "Target Support Files/Pods-instagramApp/Pods-instagramApp.debug.xcconfig"; sourceTree = "<group>"; };
/* End PBXFileReference section */

/* Begin PBXFrameworksBuildPhase section */
		F8E805FB24EFC894000C7EE4 /* Frameworks */ = {
			isa = PBXFrameworksBuildPhase;
			buildActionMask = 2147483647;
			files = (
				BF46B4CC66986F6649A066D6 /* Pods_instagramApp.framework in Frameworks */,
			);
			runOnlyForDeploymentPostprocessing = 0;
		};
/* End PBXFrameworksBuildPhase section */

/* Begin PBXGroup section */
		7371483859F209F0F1ED8A14 /* Frameworks */ = {
			isa = PBXGroup;
			children = (
				4D316E44A6A624472D5DE7A7 /* Pods_instagramApp.framework */,
			);
			name = Frameworks;
			sourceTree = "<group>";
		};
		C3CD514193C7C773C51D47BB /* Pods */ = {
			isa = PBXGroup;
			children = (
				FED656330CDCAC37B734CF9C /* Pods-instagramApp.debug.xcconfig */,
				23B9D94B9F261D4183B32250 /* Pods-instagramApp.release.xcconfig */,
			);
			path = Pods;
			sourceTree = "<group>";
		};
		F8E805F524EFC894000C7EE4 = {
			isa = PBXGroup;
			children = (
				F8E8060024EFC894000C7EE4 /* instagramApp */,
				F8E805FF24EFC894000C7EE4 /* Products */,
				C3CD514193C7C773C51D47BB /* Pods */,
				7371483859F209F0F1ED8A14 /* Frameworks */,
			);
			sourceTree = "<group>";
		};
		F8E805FF24EFC894000C7EE4 /* Products */ = {
			isa = PBXGroup;
			children = (
				F8E805FE24EFC894000C7EE4 /* instagramApp.app */,
			);
			name = Products;
			sourceTree = "<group>";
		};
		F8E8060024EFC894000C7EE4 /* instagramApp */ = {
			isa = PBXGroup;
			children = (
				F8E8061824EFC98A000C7EE4 /* Resources */,
				F8E8061724EFC948000C7EE4 /* Models */,
				F8E8061924EFC9D2000C7EE4 /* Views */,
				F8E8062224EFCB37000C7EE4 /* Controllers */,
				F8E8060F24EFC896000C7EE4 /* Info.plist */,
			);
			path = instagramApp;
			sourceTree = "<group>";
		};
		F8E8061524EFC92F000C7EE4 /* storyboards */ = {
			isa = PBXGroup;
			children = (
				F8E8060724EFC894000C7EE4 /* Main.storyboard */,
				F8E8060C24EFC896000C7EE4 /* LaunchScreen.storyboard */,
			);
			path = storyboards;
			sourceTree = "<group>";
		};
		F8E8061624EFC93D000C7EE4 /* Core Tabs */ = {
			isa = PBXGroup;
			children = (
				F8E8060524EFC894000C7EE4 /* HomeViewController.swift */,
				F8E8061A24EFCA6A000C7EE4 /* ExploreViewController.swift */,
				F8E8061C24EFCA7C000C7EE4 /* CameraViewController.swift */,
				F8E8061E24EFCA7E000C7EE4 /* NotificationsViewController.swift */,
				F8E8062024EFCA82000C7EE4 /* ProfileViewController.swift */,
			);
			path = "Core Tabs";
			sourceTree = "<group>";
		};
		F8E8061724EFC948000C7EE4 /* Models */ = {
			isa = PBXGroup;
			children = (
			);
			path = Models;
			sourceTree = "<group>";
		};
		F8E8061824EFC98A000C7EE4 /* Resources */ = {
			isa = PBXGroup;
			children = (
				F8E8060124EFC894000C7EE4 /* AppDelegate.swift */,
				F8E8060324EFC894000C7EE4 /* SceneDelegate.swift */,
				F8E8063924EFD604000C7EE4 /* GoogleService-Info.plist */,
				F8E8063C24EFDB07000C7EE4 /* DatabaseManager.swift */,
				F8E8063E24EFDBF4000C7EE4 /* AuthManager.swift */,
				F8E8064024EFDC38000C7EE4 /* StrageManager.swift */,
				F8E8064224EFF271000C7EE4 /* Extensions.swift */,
			);
			path = Resources;
			sourceTree = "<group>";
		};
		F8E8061924EFC9D2000C7EE4 /* Views */ = {
			isa = PBXGroup;
			children = (
				F8E8060A24EFC896000C7EE4 /* Assets.xcassets */,
				F8E8061524EFC92F000C7EE4 /* storyboards */,
			);
			path = Views;
			sourceTree = "<group>";
		};
		F8E8062224EFCB37000C7EE4 /* Controllers */ = {
			isa = PBXGroup;
			children = (
				F8E8062324EFCBFC000C7EE4 /* Other */,
				F8E8061624EFC93D000C7EE4 /* Core Tabs */,
			);
			path = Controllers;
			sourceTree = "<group>";
		};
		F8E8062324EFCBFC000C7EE4 /* Other */ = {
			isa = PBXGroup;
			children = (
				F8E8062424EFCC0F000C7EE4 /* Onboarding */,
				F8E8063B24EFD8AE000C7EE4 /* General */,
			);
			path = Other;
			sourceTree = "<group>";
		};
		F8E8062424EFCC0F000C7EE4 /* Onboarding */ = {
			isa = PBXGroup;
			children = (
				F8E8062524EFCC28000C7EE4 /* LoginViewController.swift */,
				F8E8062724EFCC3E000C7EE4 /* RegisterationViewController.swift */,
			);
			path = Onboarding;
			sourceTree = "<group>";
		};
		F8E8063B24EFD8AE000C7EE4 /* General */ = {
			isa = PBXGroup;
			children = (
				F8E8062924EFCC67000C7EE4 /* PostViewController.swift */,
				F8E8062B24EFCC8F000C7EE4 /* EditProfileViewController.swift */,
				F8E8062D24EFCCA3000C7EE4 /* SettingsViewController.swift */,
				F8E8062F24EFCCB7000C7EE4 /* ListViewController.swift */,
				F8E8063124EFCCC7000C7EE4 /* SearchViewController.swift */,
				F8E8063324EFCCDC000C7EE4 /* SearchResultViewController.swift */,
				F8E8063524EFCD0D000C7EE4 /* PostEditorViewController.swift */,
				F8E8063724EFCD1B000C7EE4 /* PublishPostViewController.swift */,
			);
			path = General;
			sourceTree = "<group>";
		};
/* End PBXGroup section */

/* Begin PBXNativeTarget section */
		F8E805FD24EFC894000C7EE4 /* instagramApp */ = {
			isa = PBXNativeTarget;
			buildConfigurationList = F8E8061224EFC896000C7EE4 /* Build configuration list for PBXNativeTarget "instagramApp" */;
			buildPhases = (
				1D5D5F0CEDE13C813B316BE6 /* [CP] Check Pods Manifest.lock */,
				F8E805FA24EFC894000C7EE4 /* Sources */,
				F8E805FB24EFC894000C7EE4 /* Frameworks */,
				F8E805FC24EFC894000C7EE4 /* Resources */,
				F0C5898CCC71B0A20AB0E11E /* [CP] Embed Pods Frameworks */,
			);
			buildRules = (
			);
			dependencies = (
			);
			name = instagramApp;
			productName = instagramApp;
			productReference = F8E805FE24EFC894000C7EE4 /* instagramApp.app */;
			productType = "com.apple.product-type.application";
		};
/* End PBXNativeTarget section */

/* Begin PBXProject section */
		F8E805F624EFC894000C7EE4 /* Project object */ = {
			isa = PBXProject;
			attributes = {
				LastSwiftUpdateCheck = 1160;
				LastUpgradeCheck = 1160;
				ORGANIZATIONNAME = "Takumi Nozawa";
				TargetAttributes = {
					F8E805FD24EFC894000C7EE4 = {
						CreatedOnToolsVersion = 11.6;
					};
				};
			};
			buildConfigurationList = F8E805F924EFC894000C7EE4 /* Build configuration list for PBXProject "instagramApp" */;
			compatibilityVersion = "Xcode 9.3";
			developmentRegion = en;
			hasScannedForEncodings = 0;
			knownRegions = (
				en,
				Base,
			);
			mainGroup = F8E805F524EFC894000C7EE4;
			productRefGroup = F8E805FF24EFC894000C7EE4 /* Products */;
			projectDirPath = "";
			projectRoot = "";
			targets = (
				F8E805FD24EFC894000C7EE4 /* instagramApp */,
			);
		};
/* End PBXProject section */

/* Begin PBXResourcesBuildPhase section */
		F8E805FC24EFC894000C7EE4 /* Resources */ = {
			isa = PBXResourcesBuildPhase;
			buildActionMask = 2147483647;
			files = (
				F8E8060E24EFC896000C7EE4 /* LaunchScreen.storyboard in Resources */,
				F8E8063A24EFD604000C7EE4 /* GoogleService-Info.plist in Resources */,
				F8E8060B24EFC896000C7EE4 /* Assets.xcassets in Resources */,
				F8E8060924EFC894000C7EE4 /* Main.storyboard in Resources */,
			);
			runOnlyForDeploymentPostprocessing = 0;
		};
/* End PBXResourcesBuildPhase section */

/* Begin PBXShellScriptBuildPhase section */
		1D5D5F0CEDE13C813B316BE6 /* [CP] Check Pods Manifest.lock */ = {
			isa = PBXShellScriptBuildPhase;
			buildActionMask = 2147483647;
			files = (
			);
			inputFileListPaths = (
			);
			inputPaths = (
				"${PODS_PODFILE_DIR_PATH}/Podfile.lock",
				"${PODS_ROOT}/Manifest.lock",
			);
			name = "[CP] Check Pods Manifest.lock";
			outputFileListPaths = (
			);
			outputPaths = (
				"$(DERIVED_FILE_DIR)/Pods-instagramApp-checkManifestLockResult.txt",
			);
			runOnlyForDeploymentPostprocessing = 0;
			shellPath = /bin/sh;
			shellScript = "diff \"${PODS_PODFILE_DIR_PATH}/Podfile.lock\" \"${PODS_ROOT}/Manifest.lock\" > /dev/null\nif [ $? != 0 ] ; then\n    # print error to STDERR\n    echo \"error: The sandbox is not in sync with the Podfile.lock. Run 'pod install' or update your CocoaPods installation.\" >&2\n    exit 1\nfi\n# This output is used by Xcode 'outputs' to avoid re-running this script phase.\necho \"SUCCESS\" > \"${SCRIPT_OUTPUT_FILE_0}\"\n";
			showEnvVarsInLog = 0;
		};
		F0C5898CCC71B0A20AB0E11E /* [CP] Embed Pods Frameworks */ = {
			isa = PBXShellScriptBuildPhase;
			buildActionMask = 2147483647;
			files = (
			);
			inputFileListPaths = (
				"${PODS_ROOT}/Target Support Files/Pods-instagramApp/Pods-instagramApp-frameworks-${CONFIGURATION}-input-files.xcfilelist",
			);
			name = "[CP] Embed Pods Frameworks";
			outputFileListPaths = (
				"${PODS_ROOT}/Target Support Files/Pods-instagramApp/Pods-instagramApp-frameworks-${CONFIGURATION}-output-files.xcfilelist",
			);
			runOnlyForDeploymentPostprocessing = 0;
			shellPath = /bin/sh;
			shellScript = "\"${PODS_ROOT}/Target Support Files/Pods-instagramApp/Pods-instagramApp-frameworks.sh\"\n";
			showEnvVarsInLog = 0;
		};
/* End PBXShellScriptBuildPhase section */

/* Begin PBXSourcesBuildPhase section */
		F8E805FA24EFC894000C7EE4 /* Sources */ = {
			isa = PBXSourcesBuildPhase;
			buildActionMask = 2147483647;
			files = (
				F8E8062C24EFCC8F000C7EE4 /* EditProfileViewController.swift in Sources */,
				F8E8061B24EFCA6A000C7EE4 /* ExploreViewController.swift in Sources */,
				F8E8063824EFCD1B000C7EE4 /* PublishPostViewController.swift in Sources */,
				F8E8062824EFCC3E000C7EE4 /* RegisterationViewController.swift in Sources */,
				F8E8060624EFC894000C7EE4 /* HomeViewController.swift in Sources */,
				F8E8062124EFCA82000C7EE4 /* ProfileViewController.swift in Sources */,
				F8E8063624EFCD0D000C7EE4 /* PostEditorViewController.swift in Sources */,
				F8E8062A24EFCC67000C7EE4 /* PostViewController.swift in Sources */,
				F8E8063D24EFDB07000C7EE4 /* DatabaseManager.swift in Sources */,
				F8E8060224EFC894000C7EE4 /* AppDelegate.swift in Sources */,
				F8E8063424EFCCDC000C7EE4 /* SearchResultViewController.swift in Sources */,
				F8E8062624EFCC28000C7EE4 /* LoginViewController.swift in Sources */,
				F8E8063224EFCCC7000C7EE4 /* SearchViewController.swift in Sources */,
				F8E8064324EFF271000C7EE4 /* Extensions.swift in Sources */,
				F8E8061D24EFCA7C000C7EE4 /* CameraViewController.swift in Sources */,
				F8E8063F24EFDBF4000C7EE4 /* AuthManager.swift in Sources */,
				F8E8061F24EFCA7E000C7EE4 /* NotificationsViewController.swift in Sources */,
				F8E8060424EFC894000C7EE4 /* SceneDelegate.swift in Sources */,
				F8E8063024EFCCB7000C7EE4 /* ListViewController.swift in Sources */,
				F8E8062E24EFCCA3000C7EE4 /* SettingsViewController.swift in Sources */,
				F8E8064124EFDC38000C7EE4 /* StrageManager.swift in Sources */,
			);
			runOnlyForDeploymentPostprocessing = 0;
		};
/* End PBXSourcesBuildPhase section */

/* Begin PBXVariantGroup section */
		F8E8060724EFC894000C7EE4 /* Main.storyboard */ = {
			isa = PBXVariantGroup;
			children = (
				F8E8060824EFC894000C7EE4 /* Base */,
			);
			name = Main.storyboard;
			sourceTree = "<group>";
		};
		F8E8060C24EFC896000C7EE4 /* LaunchScreen.storyboard */ = {
			isa = PBXVariantGroup;
			children = (
				F8E8060D24EFC896000C7EE4 /* Base */,
			);
			name = LaunchScreen.storyboard;
			sourceTree = "<group>";
		};
/* End PBXVariantGroup section */

/* Begin XCBuildConfiguration section */
		F8E8061024EFC896000C7EE4 /* Debug */ = {
			isa = XCBuildConfiguration;
			buildSettings = {
				ALWAYS_SEARCH_USER_PATHS = NO;
				CLANG_ANALYZER_NONNULL = YES;
				CLANG_ANALYZER_NUMBER_OBJECT_CONVERSION = YES_AGGRESSIVE;
				CLANG_CXX_LANGUAGE_STANDARD = "gnu++14";
				CLANG_CXX_LIBRARY = "libc++";
				CLANG_ENABLE_MODULES = YES;
				CLANG_ENABLE_OBJC_ARC = YES;
				CLANG_ENABLE_OBJC_WEAK = YES;
				CLANG_WARN_BLOCK_CAPTURE_AUTORELEASING = YES;
				CLANG_WARN_BOOL_CONVERSION = YES;
				CLANG_WARN_COMMA = YES;
				CLANG_WARN_CONSTANT_CONVERSION = YES;
				CLANG_WARN_DEPRECATED_OBJC_IMPLEMENTATIONS = YES;
				CLANG_WARN_DIRECT_OBJC_ISA_USAGE = YES_ERROR;
				CLANG_WARN_DOCUMENTATION_COMMENTS = YES;
				CLANG_WARN_EMPTY_BODY = YES;
				CLANG_WARN_ENUM_CONVERSION = YES;
				CLANG_WARN_INFINITE_RECURSION = YES;
				CLANG_WARN_INT_CONVERSION = YES;
				CLANG_WARN_NON_LITERAL_NULL_CONVERSION = YES;
				CLANG_WARN_OBJC_IMPLICIT_RETAIN_SELF = YES;
				CLANG_WARN_OBJC_LITERAL_CONVERSION = YES;
				CLANG_WARN_OBJC_ROOT_CLASS = YES_ERROR;
				CLANG_WARN_RANGE_LOOP_ANALYSIS = YES;
				CLANG_WARN_STRICT_PROTOTYPES = YES;
				CLANG_WARN_SUSPICIOUS_MOVE = YES;
				CLANG_WARN_UNGUARDED_AVAILABILITY = YES_AGGRESSIVE;
				CLANG_WARN_UNREACHABLE_CODE = YES;
				CLANG_WARN__DUPLICATE_METHOD_MATCH = YES;
				COPY_PHASE_STRIP = NO;
				DEBUG_INFORMATION_FORMAT = dwarf;
				ENABLE_STRICT_OBJC_MSGSEND = YES;
				ENABLE_TESTABILITY = YES;
				GCC_C_LANGUAGE_STANDARD = gnu11;
				GCC_DYNAMIC_NO_PIC = NO;
				GCC_NO_COMMON_BLOCKS = YES;
				GCC_OPTIMIZATION_LEVEL = 0;
				GCC_PREPROCESSOR_DEFINITIONS = (
					"DEBUG=1",
					"$(inherited)",
				);
				GCC_WARN_64_TO_32_BIT_CONVERSION = YES;
				GCC_WARN_ABOUT_RETURN_TYPE = YES_ERROR;
				GCC_WARN_UNDECLARED_SELECTOR = YES;
				GCC_WARN_UNINITIALIZED_AUTOS = YES_AGGRESSIVE;
				GCC_WARN_UNUSED_FUNCTION = YES;
				GCC_WARN_UNUSED_VARIABLE = YES;
				IPHONEOS_DEPLOYMENT_TARGET = 13.6;
				MTL_ENABLE_DEBUG_INFO = INCLUDE_SOURCE;
				MTL_FAST_MATH = YES;
				ONLY_ACTIVE_ARCH = YES;
				SDKROOT = iphoneos;
				SWIFT_ACTIVE_COMPILATION_CONDITIONS = DEBUG;
				SWIFT_OPTIMIZATION_LEVEL = "-Onone";
			};
			name = Debug;
		};
		F8E8061124EFC896000C7EE4 /* Release */ = {
			isa = XCBuildConfiguration;
			buildSettings = {
				ALWAYS_SEARCH_USER_PATHS = NO;
				CLANG_ANALYZER_NONNULL = YES;
				CLANG_ANALYZER_NUMBER_OBJECT_CONVERSION = YES_AGGRESSIVE;
				CLANG_CXX_LANGUAGE_STANDARD = "gnu++14";
				CLANG_CXX_LIBRARY = "libc++";
				CLANG_ENABLE_MODULES = YES;
				CLANG_ENABLE_OBJC_ARC = YES;
				CLANG_ENABLE_OBJC_WEAK = YES;
				CLANG_WARN_BLOCK_CAPTURE_AUTORELEASING = YES;
				CLANG_WARN_BOOL_CONVERSION = YES;
				CLANG_WARN_COMMA = YES;
				CLANG_WARN_CONSTANT_CONVERSION = YES;
				CLANG_WARN_DEPRECATED_OBJC_IMPLEMENTATIONS = YES;
				CLANG_WARN_DIRECT_OBJC_ISA_USAGE = YES_ERROR;
				CLANG_WARN_DOCUMENTATION_COMMENTS = YES;
				CLANG_WARN_EMPTY_BODY = YES;
				CLANG_WARN_ENUM_CONVERSION = YES;
				CLANG_WARN_INFINITE_RECURSION = YES;
				CLANG_WARN_INT_CONVERSION = YES;
				CLANG_WARN_NON_LITERAL_NULL_CONVERSION = YES;
				CLANG_WARN_OBJC_IMPLICIT_RETAIN_SELF = YES;
				CLANG_WARN_OBJC_LITERAL_CONVERSION = YES;
				CLANG_WARN_OBJC_ROOT_CLASS = YES_ERROR;
				CLANG_WARN_RANGE_LOOP_ANALYSIS = YES;
				CLANG_WARN_STRICT_PROTOTYPES = YES;
				CLANG_WARN_SUSPICIOUS_MOVE = YES;
				CLANG_WARN_UNGUARDED_AVAILABILITY = YES_AGGRESSIVE;
				CLANG_WARN_UNREACHABLE_CODE = YES;
				CLANG_WARN__DUPLICATE_METHOD_MATCH = YES;
				COPY_PHASE_STRIP = NO;
				DEBUG_INFORMATION_FORMAT = "dwarf-with-dsym";
				ENABLE_NS_ASSERTIONS = NO;
				ENABLE_STRICT_OBJC_MSGSEND = YES;
				GCC_C_LANGUAGE_STANDARD = gnu11;
				GCC_NO_COMMON_BLOCKS = YES;
				GCC_WARN_64_TO_32_BIT_CONVERSION = YES;
				GCC_WARN_ABOUT_RETURN_TYPE = YES_ERROR;
				GCC_WARN_UNDECLARED_SELECTOR = YES;
				GCC_WARN_UNINITIALIZED_AUTOS = YES_AGGRESSIVE;
				GCC_WARN_UNUSED_FUNCTION = YES;
				GCC_WARN_UNUSED_VARIABLE = YES;
				IPHONEOS_DEPLOYMENT_TARGET = 13.6;
				MTL_ENABLE_DEBUG_INFO = NO;
				MTL_FAST_MATH = YES;
				SDKROOT = iphoneos;
				SWIFT_COMPILATION_MODE = wholemodule;
				SWIFT_OPTIMIZATION_LEVEL = "-O";
				VALIDATE_PRODUCT = YES;
			};
			name = Release;
		};
		F8E8061324EFC896000C7EE4 /* Debug */ = {
			isa = XCBuildConfiguration;
			baseConfigurationReference = FED656330CDCAC37B734CF9C /* Pods-instagramApp.debug.xcconfig */;
			buildSettings = {
				ASSETCATALOG_COMPILER_APPICON_NAME = AppIcon;
				CODE_SIGN_STYLE = Automatic;
				DEVELOPMENT_TEAM = GBKPZ52HJ9;
				INFOPLIST_FILE = instagramApp/Info.plist;
				IPHONEOS_DEPLOYMENT_TARGET = 13.0;
				LD_RUNPATH_SEARCH_PATHS = (
					"$(inherited)",
					"@executable_path/Frameworks",
				);
				PRODUCT_BUNDLE_IDENTIFIER = com.zawawa.instagramApp;
				PRODUCT_NAME = "$(TARGET_NAME)";
				SWIFT_VERSION = 5.0;
				TARGETED_DEVICE_FAMILY = 1;
			};
			name = Debug;
		};
		F8E8061424EFC896000C7EE4 /* Release */ = {
			isa = XCBuildConfiguration;
			baseConfigurationReference = 23B9D94B9F261D4183B32250 /* Pods-instagramApp.release.xcconfig */;
			buildSettings = {
				ASSETCATALOG_COMPILER_APPICON_NAME = AppIcon;
				CODE_SIGN_STYLE = Automatic;
				DEVELOPMENT_TEAM = GBKPZ52HJ9;
				INFOPLIST_FILE = instagramApp/Info.plist;
				IPHONEOS_DEPLOYMENT_TARGET = 13.0;
				LD_RUNPATH_SEARCH_PATHS = (
					"$(inherited)",
					"@executable_path/Frameworks",
				);
				PRODUCT_BUNDLE_IDENTIFIER = com.zawawa.instagramApp;
				PRODUCT_NAME = "$(TARGET_NAME)";
				SWIFT_VERSION = 5.0;
				TARGETED_DEVICE_FAMILY = 1;
			};
			name = Release;
		};
/* End XCBuildConfiguration section */

/* Begin XCConfigurationList section */
		F8E805F924EFC894000C7EE4 /* Build configuration list for PBXProject "instagramApp" */ = {
			isa = XCConfigurationList;
			buildConfigurations = (
				F8E8061024EFC896000C7EE4 /* Debug */,
				F8E8061124EFC896000C7EE4 /* Release */,
			);
			defaultConfigurationIsVisible = 0;
			defaultConfigurationName = Release;
		};
		F8E8061224EFC896000C7EE4 /* Build configuration list for PBXNativeTarget "instagramApp" */ = {
			isa = XCConfigurationList;
			buildConfigurations = (
				F8E8061324EFC896000C7EE4 /* Debug */,
				F8E8061424EFC896000C7EE4 /* Release */,
			);
			defaultConfigurationIsVisible = 0;
			defaultConfigurationName = Release;
		};
/* End XCConfigurationList section */
	};
	rootObject = F8E805F624EFC894000C7EE4 /* Project object */;
}
